{
  "version": "4",
  "specifiers": {
    "jsr:@david/code-block-writer@13": "13.0.3",
    "jsr:@dldc/compose@^6.0.2": "6.0.2",
    "jsr:@dldc/erreur@^7.1.1": "7.1.1",
    "jsr:@dldc/stack@7": "7.0.0",
    "jsr:@std/assert@^1.0.6": "1.0.6",
    "jsr:@std/data-structures@^1.0.4": "1.0.4",
    "jsr:@std/fs@1": "1.0.4",
    "jsr:@std/fs@^1.0.4": "1.0.4",
    "jsr:@std/internal@^1.0.4": "1.0.4",
    "jsr:@std/path@1": "1.0.6",
    "jsr:@std/path@^1.0.6": "1.0.6",
    "jsr:@std/testing@^1.0.3": "1.0.3",
    "jsr:@ts-morph/common@~0.26.1": "0.26.1",
    "jsr:@ts-morph/ts-morph@^25.0.1": "25.0.1",
    "jsr:@valibot/valibot@~0.42.1": "0.42.1"
  },
  "jsr": {
    "@david/code-block-writer@13.0.3": {
      "integrity": "f98c77d320f5957899a61bfb7a9bead7c6d83ad1515daee92dbacc861e13bb7f"
    },
    "@dldc/compose@6.0.2": {
      "integrity": "c6bad297fbbe0dece7fa350667390d470f5b686dc74a834ad9b7191b7c021ab3",
      "dependencies": [
        "jsr:@dldc/erreur"
      ]
    },
    "@dldc/erreur@7.1.1": {
      "integrity": "9ba954ae0654e4ed003959c77aaa009fdf6c64f60bf4cfec33b134556ab0d6da"
    },
    "@dldc/stack@7.0.0": {
      "integrity": "cf418349e3846ce162837e4d5332f70b8c3a5f2072bb4129c3c2299caf2f27ee",
      "dependencies": [
        "jsr:@dldc/erreur"
      ]
    },
    "@std/assert@1.0.6": {
      "integrity": "1904c05806a25d94fe791d6d883b685c9e2dcd60e4f9fc30f4fc5cf010c72207",
      "dependencies": [
        "jsr:@std/internal"
      ]
    },
    "@std/data-structures@1.0.4": {
      "integrity": "fa0e20c11eb9ba673417450915c750a0001405a784e2a4e0c3725031681684a0"
    },
    "@std/fs@1.0.4": {
      "integrity": "2907d32d8d1d9e540588fd5fe0ec21ee638134bd51df327ad4e443aaef07123c",
      "dependencies": [
        "jsr:@std/path@^1.0.6"
      ]
    },
    "@std/internal@1.0.4": {
      "integrity": "62e8e4911527e5e4f307741a795c0b0a9e6958d0b3790716ae71ce085f755422"
    },
    "@std/path@1.0.6": {
      "integrity": "ab2c55f902b380cf28e0eec501b4906e4c1960d13f00e11cfbcd21de15f18fed"
    },
    "@std/testing@1.0.3": {
      "integrity": "f98c2bee53860a5916727d7e7d3abe920dd6f9edace022e2d059f00d05c2cf42",
      "dependencies": [
        "jsr:@std/assert",
        "jsr:@std/data-structures",
        "jsr:@std/fs@^1.0.4",
        "jsr:@std/internal",
        "jsr:@std/path@^1.0.6"
      ]
    },
    "@ts-morph/common@0.26.1": {
      "integrity": "8deffc275026525ecd84beac30a3ae33e4e522a043ebdf7ea7b9c5f7ea952803",
      "dependencies": [
        "jsr:@std/fs@1",
        "jsr:@std/path@1"
      ]
    },
    "@ts-morph/ts-morph@25.0.1": {
      "integrity": "0f73cf2fe833eab7d491560eb59c89125d7bc8bf0380c37a88f529b2a8cf6f87",
      "dependencies": [
        "jsr:@david/code-block-writer",
        "jsr:@ts-morph/common"
      ]
    },
    "@valibot/valibot@0.42.1": {
      "integrity": "ba0f6f7964aaeec0e4b1f793d575061f325ae6254cbb9d7ff01fb65068a0a23b"
    }
  },
  "workspace": {
    "dependencies": [
      "jsr:@dldc/compose@^6.0.2",
      "jsr:@dldc/erreur@^7.1.1",
      "jsr:@dldc/stack@7",
      "jsr:@std/assert@^1.0.6",
      "jsr:@std/path@^1.0.6",
      "jsr:@std/testing@^1.0.3",
      "jsr:@ts-morph/ts-morph@^25.0.1",
      "jsr:@valibot/valibot@~0.42.1"
    ]
  }
}
